// !$*UTF8*$!
{
	archiveVersion = 1;
	classes = {
	};
	objectVersion = 56;
	objects = {

/* Begin PBXBuildFile section */
		74411D10298AE0C60019FA7F /* TabBarController.swift in Sources */ = {isa = PBXBuildFile; fileRef = 74411D0F298AE0C60019FA7F /* TabBarController.swift */; };
		7441FA6E2989805600E96748 /* Constants.swift in Sources */ = {isa = PBXBuildFile; fileRef = 7441FA6D2989805600E96748 /* Constants.swift */; };
		7441FA712989815D00E96748 /* PostViewController.swift in Sources */ = {isa = PBXBuildFile; fileRef = 7441FA702989815D00E96748 /* PostViewController.swift */; };
		7441FA73298981F100E96748 /* PostView.swift in Sources */ = {isa = PBXBuildFile; fileRef = 7441FA72298981F100E96748 /* PostView.swift */; };
		7441FA762989821200E96748 /* SnapKit in Frameworks */ = {isa = PBXBuildFile; productRef = 7441FA752989821200E96748 /* SnapKit */; };
		7441FA78298983C900E96748 /* FeedView.swift in Sources */ = {isa = PBXBuildFile; fileRef = 7441FA77298983C900E96748 /* FeedView.swift */; };
		746A5FD92989701D002716AB /* FeedViewController.swift in Sources */ = {isa = PBXBuildFile; fileRef = 746A5FD82989701D002716AB /* FeedViewController.swift */; };
		746A5FDF2989734A002716AB /* ProfileViewController.swift in Sources */ = {isa = PBXBuildFile; fileRef = 746A5FDE2989734A002716AB /* ProfileViewController.swift */; };
		74916BC729928898000C4CB4 /* ProfileHeaderView.swift in Sources */ = {isa = PBXBuildFile; fileRef = 74916BC629928898000C4CB4 /* ProfileHeaderView.swift */; };
		74916BCA2992B32F000C4CB4 /* CustomTextField.swift in Sources */ = {isa = PBXBuildFile; fileRef = 74916BC92992B32F000C4CB4 /* CustomTextField.swift */; };
		74999F9C298AED1A00D060CF /* Post.swift in Sources */ = {isa = PBXBuildFile; fileRef = 74999F9B298AED1A00D060CF /* Post.swift */; };
		74999F9F298AEF2800D060CF /* InfoViewController.swift in Sources */ = {isa = PBXBuildFile; fileRef = 74999F9E298AEF2800D060CF /* InfoViewController.swift */; };
		74999FA1298AEF3600D060CF /* InfoView.swift in Sources */ = {isa = PBXBuildFile; fileRef = 74999FA0298AEF3600D060CF /* InfoView.swift */; };
		74C9B1A12989602A00EFF1D0 /* AppDelegate.swift in Sources */ = {isa = PBXBuildFile; fileRef = 74C9B1A02989602A00EFF1D0 /* AppDelegate.swift */; };
		74C9B1A32989602A00EFF1D0 /* SceneDelegate.swift in Sources */ = {isa = PBXBuildFile; fileRef = 74C9B1A22989602A00EFF1D0 /* SceneDelegate.swift */; };
		74C9B1AA2989602B00EFF1D0 /* Assets.xcassets in Resources */ = {isa = PBXBuildFile; fileRef = 74C9B1A92989602B00EFF1D0 /* Assets.xcassets */; };
		74C9B1AD2989602B00EFF1D0 /* LaunchScreen.storyboard in Resources */ = {isa = PBXBuildFile; fileRef = 74C9B1AB2989602B00EFF1D0 /* LaunchScreen.storyboard */; };
/* End PBXBuildFile section */

/* Begin PBXFileReference section */
		74411D0F298AE0C60019FA7F /* TabBarController.swift */ = {isa = PBXFileReference; lastKnownFileType = sourcecode.swift; path = TabBarController.swift; sourceTree = "<group>"; };
		7441FA6D2989805600E96748 /* Constants.swift */ = {isa = PBXFileReference; lastKnownFileType = sourcecode.swift; path = Constants.swift; sourceTree = "<group>"; };
		7441FA702989815D00E96748 /* PostViewController.swift */ = {isa = PBXFileReference; lastKnownFileType = sourcecode.swift; path = PostViewController.swift; sourceTree = "<group>"; };
		7441FA72298981F100E96748 /* PostView.swift */ = {isa = PBXFileReference; lastKnownFileType = sourcecode.swift; path = PostView.swift; sourceTree = "<group>"; };
		7441FA77298983C900E96748 /* FeedView.swift */ = {isa = PBXFileReference; lastKnownFileType = sourcecode.swift; path = FeedView.swift; sourceTree = "<group>"; };
		746A5FD82989701D002716AB /* FeedViewController.swift */ = {isa = PBXFileReference; lastKnownFileType = sourcecode.swift; path = FeedViewController.swift; sourceTree = "<group>"; };
		746A5FDE2989734A002716AB /* ProfileViewController.swift */ = {isa = PBXFileReference; lastKnownFileType = sourcecode.swift; path = ProfileViewController.swift; sourceTree = "<group>"; };
		74916BC629928898000C4CB4 /* ProfileHeaderView.swift */ = {isa = PBXFileReference; lastKnownFileType = sourcecode.swift; path = ProfileHeaderView.swift; sourceTree = "<group>"; };
		74916BC92992B32F000C4CB4 /* CustomTextField.swift */ = {isa = PBXFileReference; lastKnownFileType = sourcecode.swift; path = CustomTextField.swift; sourceTree = "<group>"; };
		74999F9B298AED1A00D060CF /* Post.swift */ = {isa = PBXFileReference; lastKnownFileType = sourcecode.swift; path = Post.swift; sourceTree = "<group>"; };
		74999F9E298AEF2800D060CF /* InfoViewController.swift */ = {isa = PBXFileReference; lastKnownFileType = sourcecode.swift; path = InfoViewController.swift; sourceTree = "<group>"; };
		74999FA0298AEF3600D060CF /* InfoView.swift */ = {isa = PBXFileReference; lastKnownFileType = sourcecode.swift; path = InfoView.swift; sourceTree = "<group>"; };
		74C9B19D2989602A00EFF1D0 /* Navigation.app */ = {isa = PBXFileReference; explicitFileType = wrapper.application; includeInIndex = 0; path = Navigation.app; sourceTree = BUILT_PRODUCTS_DIR; };
		74C9B1A02989602A00EFF1D0 /* AppDelegate.swift */ = {isa = PBXFileReference; lastKnownFileType = sourcecode.swift; path = AppDelegate.swift; sourceTree = "<group>"; };
		74C9B1A22989602A00EFF1D0 /* SceneDelegate.swift */ = {isa = PBXFileReference; lastKnownFileType = sourcecode.swift; path = SceneDelegate.swift; sourceTree = "<group>"; };
		74C9B1A92989602B00EFF1D0 /* Assets.xcassets */ = {isa = PBXFileReference; lastKnownFileType = folder.assetcatalog; path = Assets.xcassets; sourceTree = "<group>"; };
		74C9B1AC2989602B00EFF1D0 /* Base */ = {isa = PBXFileReference; lastKnownFileType = file.storyboard; name = Base; path = Base.lproj/LaunchScreen.storyboard; sourceTree = "<group>"; };
		74C9B1AE2989602B00EFF1D0 /* Info.plist */ = {isa = PBXFileReference; lastKnownFileType = text.plist.xml; path = Info.plist; sourceTree = "<group>"; };
/* End PBXFileReference section */

/* Begin PBXFrameworksBuildPhase section */
		74C9B19A2989602A00EFF1D0 /* Frameworks */ = {
			isa = PBXFrameworksBuildPhase;
			buildActionMask = 2147483647;
			files = (
				7441FA762989821200E96748 /* SnapKit in Frameworks */,
			);
			runOnlyForDeploymentPostprocessing = 0;
		};
/* End PBXFrameworksBuildPhase section */

/* Begin PBXGroup section */
		74411D0E298AE0A80019FA7F /* TabBarViewController */ = {
			isa = PBXGroup;
			children = (
				74411D0F298AE0C60019FA7F /* TabBarController.swift */,
			);
			path = TabBarViewController;
			sourceTree = "<group>";
		};
		7441FA6C2989804700E96748 /* Constants */ = {
			isa = PBXGroup;
			children = (
				7441FA6D2989805600E96748 /* Constants.swift */,
			);
			path = Constants;
			sourceTree = "<group>";
		};
		7441FA6F2989814C00E96748 /* Post */ = {
			isa = PBXGroup;
			children = (
				7441FA702989815D00E96748 /* PostViewController.swift */,
				7441FA72298981F100E96748 /* PostView.swift */,
			);
			path = Post;
			sourceTree = "<group>";
		};
		746A5FD429896466002716AB /* Support files */ = {
			isa = PBXGroup;
			children = (
				74C9B1A02989602A00EFF1D0 /* AppDelegate.swift */,
				74C9B1A22989602A00EFF1D0 /* SceneDelegate.swift */,
				74C9B1A92989602B00EFF1D0 /* Assets.xcassets */,
				74C9B1AB2989602B00EFF1D0 /* LaunchScreen.storyboard */,
				74C9B1AE2989602B00EFF1D0 /* Info.plist */,
			);
			path = "Support files";
			sourceTree = "<group>";
		};
		746A5FDB2989715A002716AB /* ViewControllers */ = {
			isa = PBXGroup;
			children = (
				74411D0E298AE0A80019FA7F /* TabBarViewController */,
				74999F9D298AEF0F00D060CF /* InfoViewController */,
				7441FA6F2989814C00E96748 /* Post */,
				746A5FDD29897338002716AB /* Profile */,
				746A5FDC29897331002716AB /* Feed */,
			);
			path = ViewControllers;
			sourceTree = "<group>";
		};
		746A5FDC29897331002716AB /* Feed */ = {
			isa = PBXGroup;
			children = (
				746A5FD82989701D002716AB /* FeedViewController.swift */,
				7441FA77298983C900E96748 /* FeedView.swift */,
			);
			path = Feed;
			sourceTree = "<group>";
		};
		746A5FDD29897338002716AB /* Profile */ = {
			isa = PBXGroup;
			children = (
				746A5FDE2989734A002716AB /* ProfileViewController.swift */,
				74916BC629928898000C4CB4 /* ProfileHeaderView.swift */,
			);
			path = Profile;
			sourceTree = "<group>";
		};
		74916BC82992B31D000C4CB4 /* Custom */ = {
			isa = PBXGroup;
			children = (
				74916BC92992B32F000C4CB4 /* CustomTextField.swift */,
			);
			path = Custom;
			sourceTree = "<group>";
		};
		74999F9A298AED0A00D060CF /* Models */ = {
			isa = PBXGroup;
			children = (
				74999F9B298AED1A00D060CF /* Post.swift */,
			);
			path = Models;
			sourceTree = "<group>";
		};
		74999F9D298AEF0F00D060CF /* InfoViewController */ = {
			isa = PBXGroup;
			children = (
				74999F9E298AEF2800D060CF /* InfoViewController.swift */,
				74999FA0298AEF3600D060CF /* InfoView.swift */,
			);
			path = InfoViewController;
			sourceTree = "<group>";
		};
		74C9B1942989602A00EFF1D0 = {
			isa = PBXGroup;
			children = (
				74C9B19F2989602A00EFF1D0 /* Navigation */,
				74C9B19E2989602A00EFF1D0 /* Products */,
			);
			sourceTree = "<group>";
		};
		74C9B19E2989602A00EFF1D0 /* Products */ = {
			isa = PBXGroup;
			children = (
				74C9B19D2989602A00EFF1D0 /* Navigation.app */,
			);
			name = Products;
			sourceTree = "<group>";
		};
		74C9B19F2989602A00EFF1D0 /* Navigation */ = {
			isa = PBXGroup;
			children = (
				74916BC82992B31D000C4CB4 /* Custom */,
				74999F9A298AED0A00D060CF /* Models */,
				7441FA6C2989804700E96748 /* Constants */,
				746A5FDB2989715A002716AB /* ViewControllers */,
				746A5FD429896466002716AB /* Support files */,
			);
			path = Navigation;
			sourceTree = "<group>";
		};
/* End PBXGroup section */

/* Begin PBXNativeTarget section */
		74C9B19C2989602A00EFF1D0 /* Navigation */ = {
			isa = PBXNativeTarget;
			buildConfigurationList = 74C9B1B12989602B00EFF1D0 /* Build configuration list for PBXNativeTarget "Navigation" */;
			buildPhases = (
				74C9B1992989602A00EFF1D0 /* Sources */,
				74C9B19A2989602A00EFF1D0 /* Frameworks */,
				74C9B19B2989602A00EFF1D0 /* Resources */,
			);
			buildRules = (
			);
			dependencies = (
			);
			name = Navigation;
			packageProductDependencies = (
				7441FA752989821200E96748 /* SnapKit */,
			);
			productName = Navigation;
			productReference = 74C9B19D2989602A00EFF1D0 /* Navigation.app */;
			productType = "com.apple.product-type.application";
		};
/* End PBXNativeTarget section */

/* Begin PBXProject section */
		74C9B1952989602A00EFF1D0 /* Project object */ = {
			isa = PBXProject;
			attributes = {
				BuildIndependentTargetsInParallel = 1;
				LastSwiftUpdateCheck = 1420;
				LastUpgradeCheck = 1420;
				TargetAttributes = {
					74C9B19C2989602A00EFF1D0 = {
						CreatedOnToolsVersion = 14.2;
					};
				};
			};
			buildConfigurationList = 74C9B1982989602A00EFF1D0 /* Build configuration list for PBXProject "Navigation" */;
			compatibilityVersion = "Xcode 14.0";
			developmentRegion = en;
			hasScannedForEncodings = 0;
			knownRegions = (
				en,
				Base,
			);
			mainGroup = 74C9B1942989602A00EFF1D0;
			packageReferences = (
				7441FA742989821200E96748 /* XCRemoteSwiftPackageReference "SnapKit" */,
			);
			productRefGroup = 74C9B19E2989602A00EFF1D0 /* Products */;
			projectDirPath = "";
			projectRoot = "";
			targets = (
				74C9B19C2989602A00EFF1D0 /* Navigation */,
			);
		};
/* End PBXProject section */

/* Begin PBXResourcesBuildPhase section */
		74C9B19B2989602A00EFF1D0 /* Resources */ = {
			isa = PBXResourcesBuildPhase;
			buildActionMask = 2147483647;
			files = (
				74C9B1AD2989602B00EFF1D0 /* LaunchScreen.storyboard in Resources */,
				74C9B1AA2989602B00EFF1D0 /* Assets.xcassets in Resources */,
			);
			runOnlyForDeploymentPostprocessing = 0;
		};
/* End PBXResourcesBuildPhase section */

/* Begin PBXSourcesBuildPhase section */
		74C9B1992989602A00EFF1D0 /* Sources */ = {
			isa = PBXSourcesBuildPhase;
			buildActionMask = 2147483647;
			files = (
				74916BCA2992B32F000C4CB4 /* CustomTextField.swift in Sources */,
				7441FA78298983C900E96748 /* FeedView.swift in Sources */,
				74916BC729928898000C4CB4 /* ProfileHeaderView.swift in Sources */,
				74999F9F298AEF2800D060CF /* InfoViewController.swift in Sources */,
				74C9B1A12989602A00EFF1D0 /* AppDelegate.swift in Sources */,
				7441FA73298981F100E96748 /* PostView.swift in Sources */,
				74999FA1298AEF3600D060CF /* InfoView.swift in Sources */,
				7441FA712989815D00E96748 /* PostViewController.swift in Sources */,
				74411D10298AE0C60019FA7F /* TabBarController.swift in Sources */,
				746A5FDF2989734A002716AB /* ProfileViewController.swift in Sources */,
				74C9B1A32989602A00EFF1D0 /* SceneDelegate.swift in Sources */,
				746A5FD92989701D002716AB /* FeedViewController.swift in Sources */,
				7441FA6E2989805600E96748 /* Constants.swift in Sources */,
				74999F9C298AED1A00D060CF /* Post.swift in Sources */,
			);
			runOnlyForDeploymentPostprocessing = 0;
		};
/* End PBXSourcesBuildPhase section */

/* Begin PBXVariantGroup section */
		74C9B1AB2989602B00EFF1D0 /* LaunchScreen.storyboard */ = {
			isa = PBXVariantGroup;
			children = (
				74C9B1AC2989602B00EFF1D0 /* Base */,
			);
			name = LaunchScreen.storyboard;
			sourceTree = "<group>";
		};
/* End PBXVariantGroup section */

/* Begin XCBuildConfiguration section */
		74C9B1AF2989602B00EFF1D0 /* Debug */ = {
			isa = XCBuildConfiguration;
			buildSettings = {
				ALWAYS_SEARCH_USER_PATHS = NO;
				CLANG_ANALYZER_NONNULL = YES;
				CLANG_ANALYZER_NUMBER_OBJECT_CONVERSION = YES_AGGRESSIVE;
				CLANG_CXX_LANGUAGE_STANDARD = "gnu++20";
				CLANG_ENABLE_MODULES = YES;
				CLANG_ENABLE_OBJC_ARC = YES;
				CLANG_ENABLE_OBJC_WEAK = YES;
				CLANG_WARN_BLOCK_CAPTURE_AUTORELEASING = YES;
				CLANG_WARN_BOOL_CONVERSION = YES;
				CLANG_WARN_COMMA = YES;
				CLANG_WARN_CONSTANT_CONVERSION = YES;
				CLANG_WARN_DEPRECATED_OBJC_IMPLEMENTATIONS = YES;
				CLANG_WARN_DIRECT_OBJC_ISA_USAGE = YES_ERROR;
				CLANG_WARN_DOCUMENTATION_COMMENTS = YES;
				CLANG_WARN_EMPTY_BODY = YES;
				CLANG_WARN_ENUM_CONVERSION = YES;
				CLANG_WARN_INFINITE_RECURSION = YES;
				CLANG_WARN_INT_CONVERSION = YES;
				CLANG_WARN_NON_LITERAL_NULL_CONVERSION = YES;
				CLANG_WARN_OBJC_IMPLICIT_RETAIN_SELF = YES;
				CLANG_WARN_OBJC_LITERAL_CONVERSION = YES;
				CLANG_WARN_OBJC_ROOT_CLASS = YES_ERROR;
				CLANG_WARN_QUOTED_INCLUDE_IN_FRAMEWORK_HEADER = YES;
				CLANG_WARN_RANGE_LOOP_ANALYSIS = YES;
				CLANG_WARN_STRICT_PROTOTYPES = YES;
				CLANG_WARN_SUSPICIOUS_MOVE = YES;
				CLANG_WARN_UNGUARDED_AVAILABILITY = YES_AGGRESSIVE;
				CLANG_WARN_UNREACHABLE_CODE = YES;
				CLANG_WARN__DUPLICATE_METHOD_MATCH = YES;
				COPY_PHASE_STRIP = NO;
				DEBUG_INFORMATION_FORMAT = dwarf;
				ENABLE_STRICT_OBJC_MSGSEND = YES;
				ENABLE_TESTABILITY = YES;
				GCC_C_LANGUAGE_STANDARD = gnu11;
				GCC_DYNAMIC_NO_PIC = NO;
				GCC_NO_COMMON_BLOCKS = YES;
				GCC_OPTIMIZATION_LEVEL = 0;
				GCC_PREPROCESSOR_DEFINITIONS = (
					"DEBUG=1",
					"$(inherited)",
				);
				GCC_WARN_64_TO_32_BIT_CONVERSION = YES;
				GCC_WARN_ABOUT_RETURN_TYPE = YES_ERROR;
				GCC_WARN_UNDECLARED_SELECTOR = YES;
				GCC_WARN_UNINITIALIZED_AUTOS = YES_AGGRESSIVE;
				GCC_WARN_UNUSED_FUNCTION = YES;
				GCC_WARN_UNUSED_VARIABLE = YES;
				IPHONEOS_DEPLOYMENT_TARGET = 16.2;
				MTL_ENABLE_DEBUG_INFO = INCLUDE_SOURCE;
				MTL_FAST_MATH = YES;
				ONLY_ACTIVE_ARCH = YES;
				SDKROOT = iphoneos;
				SWIFT_ACTIVE_COMPILATION_CONDITIONS = DEBUG;
				SWIFT_OPTIMIZATION_LEVEL = "-Onone";
			};
			name = Debug;
		};
		74C9B1B02989602B00EFF1D0 /* Release */ = {
			isa = XCBuildConfiguration;
			buildSettings = {
				ALWAYS_SEARCH_USER_PATHS = NO;
				CLANG_ANALYZER_NONNULL = YES;
				CLANG_ANALYZER_NUMBER_OBJECT_CONVERSION = YES_AGGRESSIVE;
				CLANG_CXX_LANGUAGE_STANDARD = "gnu++20";
				CLANG_ENABLE_MODULES = YES;
				CLANG_ENABLE_OBJC_ARC = YES;
				CLANG_ENABLE_OBJC_WEAK = YES;
				CLANG_WARN_BLOCK_CAPTURE_AUTORELEASING = YES;
				CLANG_WARN_BOOL_CONVERSION = YES;
				CLANG_WARN_COMMA = YES;
				CLANG_WARN_CONSTANT_CONVERSION = YES;
				CLANG_WARN_DEPRECATED_OBJC_IMPLEMENTATIONS = YES;
				CLANG_WARN_DIRECT_OBJC_ISA_USAGE = YES_ERROR;
				CLANG_WARN_DOCUMENTATION_COMMENTS = YES;
				CLANG_WARN_EMPTY_BODY = YES;
				CLANG_WARN_ENUM_CONVERSION = YES;
				CLANG_WARN_INFINITE_RECURSION = YES;
				CLANG_WARN_INT_CONVERSION = YES;
				CLANG_WARN_NON_LITERAL_NULL_CONVERSION = YES;
				CLANG_WARN_OBJC_IMPLICIT_RETAIN_SELF = YES;
				CLANG_WARN_OBJC_LITERAL_CONVERSION = YES;
				CLANG_WARN_OBJC_ROOT_CLASS = YES_ERROR;
				CLANG_WARN_QUOTED_INCLUDE_IN_FRAMEWORK_HEADER = YES;
				CLANG_WARN_RANGE_LOOP_ANALYSIS = YES;
				CLANG_WARN_STRICT_PROTOTYPES = YES;
				CLANG_WARN_SUSPICIOUS_MOVE = YES;
				CLANG_WARN_UNGUARDED_AVAILABILITY = YES_AGGRESSIVE;
				CLANG_WARN_UNREACHABLE_CODE = YES;
				CLANG_WARN__DUPLICATE_METHOD_MATCH = YES;
				COPY_PHASE_STRIP = NO;
				DEBUG_INFORMATION_FORMAT = "dwarf-with-dsym";
				ENABLE_NS_ASSERTIONS = NO;
				ENABLE_STRICT_OBJC_MSGSEND = YES;
				GCC_C_LANGUAGE_STANDARD = gnu11;
				GCC_NO_COMMON_BLOCKS = YES;
				GCC_WARN_64_TO_32_BIT_CONVERSION = YES;
				GCC_WARN_ABOUT_RETURN_TYPE = YES_ERROR;
				GCC_WARN_UNDECLARED_SELECTOR = YES;
				GCC_WARN_UNINITIALIZED_AUTOS = YES_AGGRESSIVE;
				GCC_WARN_UNUSED_FUNCTION = YES;
				GCC_WARN_UNUSED_VARIABLE = YES;
				IPHONEOS_DEPLOYMENT_TARGET = 16.2;
				MTL_ENABLE_DEBUG_INFO = NO;
				MTL_FAST_MATH = YES;
				SDKROOT = iphoneos;
				SWIFT_COMPILATION_MODE = wholemodule;
				SWIFT_OPTIMIZATION_LEVEL = "-O";
				VALIDATE_PRODUCT = YES;
			};
			name = Release;
		};
		74C9B1B22989602B00EFF1D0 /* Debug */ = {
			isa = XCBuildConfiguration;
			buildSettings = {
				ASSETCATALOG_COMPILER_APPICON_NAME = AppIcon;
				ASSETCATALOG_COMPILER_GLOBAL_ACCENT_COLOR_NAME = AccentColor;
				CODE_SIGN_STYLE = Automatic;
				CURRENT_PROJECT_VERSION = 1;
				DEVELOPMENT_TEAM = PTXD49XJ9U;
				GENERATE_INFOPLIST_FILE = YES;
				INFOPLIST_FILE = "Navigation/Support files/Info.plist";
				INFOPLIST_KEY_UIApplicationSupportsIndirectInputEvents = YES;
				INFOPLIST_KEY_UILaunchStoryboardName = LaunchScreen;
				INFOPLIST_KEY_UISupportedInterfaceOrientations_iPad = "UIInterfaceOrientationPortrait UIInterfaceOrientationPortraitUpsideDown UIInterfaceOrientationLandscapeLeft UIInterfaceOrientationLandscapeRight";
				INFOPLIST_KEY_UISupportedInterfaceOrientations_iPhone = "UIInterfaceOrientationPortrait UIInterfaceOrientationLandscapeLeft UIInterfaceOrientationLandscapeRight";
				LD_RUNPATH_SEARCH_PATHS = (
					"$(inherited)",
					"@executable_path/Frameworks",
				);
				MARKETING_VERSION = 1.0;
				PRODUCT_BUNDLE_IDENTIFIER = com.Foxyo.Navigation;
				PRODUCT_NAME = "$(TARGET_NAME)";
				SWIFT_EMIT_LOC_STRINGS = YES;
				SWIFT_VERSION = 5.0;
				TARGETED_DEVICE_FAMILY = "1,2";
			};
			name = Debug;
		};
		74C9B1B32989602B00EFF1D0 /* Release */ = {
			isa = XCBuildConfiguration;
			buildSettings = {
				ASSETCATALOG_COMPILER_APPICON_NAME = AppIcon;
				ASSETCATALOG_COMPILER_GLOBAL_ACCENT_COLOR_NAME = AccentColor;
				CODE_SIGN_STYLE = Automatic;
				CURRENT_PROJECT_VERSION = 1;
				DEVELOPMENT_TEAM = PTXD49XJ9U;
				GENERATE_INFOPLIST_FILE = YES;
				INFOPLIST_FILE = "Navigation/Support files/Info.plist";
				INFOPLIST_KEY_UIApplicationSupportsIndirectInputEvents = YES;
				INFOPLIST_KEY_UILaunchStoryboardName = LaunchScreen;
				INFOPLIST_KEY_UISupportedInterfaceOrientations_iPad = "UIInterfaceOrientationPortrait UIInterfaceOrientationPortraitUpsideDown UIInterfaceOrientationLandscapeLeft UIInterfaceOrientationLandscapeRight";
				INFOPLIST_KEY_UISupportedInterfaceOrientations_iPhone = "UIInterfaceOrientationPortrait UIInterfaceOrientationLandscapeLeft UIInterfaceOrientationLandscapeRight";
				LD_RUNPATH_SEARCH_PATHS = (
					"$(inherited)",
					"@executable_path/Frameworks",
				);
				MARKETING_VERSION = 1.0;
				PRODUCT_BUNDLE_IDENTIFIER = com.Foxyo.Navigation;
				PRODUCT_NAME = "$(TARGET_NAME)";
				SWIFT_EMIT_LOC_STRINGS = YES;
				SWIFT_VERSION = 5.0;
				TARGETED_DEVICE_FAMILY = "1,2";
			};
			name = Release;
		};
/* End XCBuildConfiguration section */

/* Begin XCConfigurationList section */
		74C9B1982989602A00EFF1D0 /* Build configuration list for PBXProject "Navigation" */ = {
			isa = XCConfigurationList;
			buildConfigurations = (
				74C9B1AF2989602B00EFF1D0 /* Debug */,
				74C9B1B02989602B00EFF1D0 /* Release */,
			);
			defaultConfigurationIsVisible = 0;
			defaultConfigurationName = Release;
		};
		74C9B1B12989602B00EFF1D0 /* Build configuration list for PBXNativeTarget "Navigation" */ = {
			isa = XCConfigurationList;
			buildConfigurations = (
				74C9B1B22989602B00EFF1D0 /* Debug */,
				74C9B1B32989602B00EFF1D0 /* Release */,
			);
			defaultConfigurationIsVisible = 0;
			defaultConfigurationName = Release;
		};
/* End XCConfigurationList section */

/* Begin XCRemoteSwiftPackageReference section */
		7441FA742989821200E96748 /* XCRemoteSwiftPackageReference "SnapKit" */ = {
			isa = XCRemoteSwiftPackageReference;
			repositoryURL = "https://github.com/SnapKit/SnapKit.git";
			requirement = {
				kind = upToNextMinorVersion;
				minimumVersion = 5.6.0;
			};
		};
/* End XCRemoteSwiftPackageReference section */

/* Begin XCSwiftPackageProductDependency section */
		7441FA752989821200E96748 /* SnapKit */ = {
			isa = XCSwiftPackageProductDependency;
			package = 7441FA742989821200E96748 /* XCRemoteSwiftPackageReference "SnapKit" */;
			productName = SnapKit;
		};
/* End XCSwiftPackageProductDependency section */
	};
	rootObject = 74C9B1952989602A00EFF1D0 /* Project object */;
}
